
Microsoft Visual Studio Solution File, Format Version 12.00
# Visual Studio Version 16
VisualStudioVersion = 16.0.30907.101
MinimumVisualStudioVersion = 10.0.40219.1
Project("{FAE04EC0-301F-11D3-BF4B-00C04F79EFBC}") = "Revisao", "Revisao\Revisao.csproj", "{0955B655-6739-4220-B40A-A1CBB6520FCE}"
EndProject
Global
	GlobalSection(SolutionConfigurationPlatforms) = preSolution
		Debug|Any CPU = Debug|Any CPU
		Release|Any CPU = Release|Any CPU
	EndGlobalSection
	GlobalSection(ProjectConfigurationPlatforms) = postSolution
		{0955B655-6739-4220-B40A-A1CBB6520FCE}.Debug|Any CPU.ActiveCfg = Debug|Any CPU
		{0955B655-6739-4220-B40A-A1CBB6520FCE}.Debug|Any CPU.Build.0 = Debug|Any CPU
		{0955B655-6739-4220-B40A-A1CBB6520FCE}.Release|Any CPU.ActiveCfg = Release|Any CPU
		{0955B655-6739-4220-B40A-A1CBB6520FCE}.Release|Any CPU.Build.0 = Release|Any CPU
	EndGlobalSection
	GlobalSection(SolutionProperties) = preSolution
		HideSolutionNode = FALSE
	EndGlobalSection
	GlobalSection(ExtensibilityGlobals) = postSolution
		SolutionGuid = {271348E4-880E-4376-8AF9-D436E35EFFC9}
	EndGlobalSection
EndGlobal
